{
  "name": "Html-css-javascript",
  "lockfileVersion": 3,
  "requires": true,
  "packages": {
    "": {
      "dependencies": {
        "expres": "^0.0.5",
        "slugify": "^1.6.9"
      }
    },
    "node_modules/expres": {
      "version": "0.0.5",
      "resolved": "https://registry.npmjs.org/expres/-/expres-0.0.5.tgz",
      "integrity": "sha512-pK2yFc2Ke66rveH6iq6YJr63v55cFP6fs2xhoJ7RUGg+uwwApMlod3IwVm8zEtKH4ALqSvaGQF4cNemsyApd/w==",
      "license": "MIT"
    },
    "node_modules/slugify": {
      "version": "1.6.9",
      "resolved": "https://registry.npmjs.org/slugify/-/slugify-1.6.9.tgz",
      "integrity": "sha512-vZ7rfeehZui7wQs438JXBckYLkIIdfHOXsaVEUMyS5fHo1483l1bMdo0EDSWYclY0yZKFOipDy4KHuKs6ssvdg==",
      "license": "MIT",
      "engines": {
        "node": ">=8.0.0"
      }
    }
  }
}
